
Microsoft Visual Studio Solution File, Format Version 12.00
# Visual Studio Version 17
VisualStudioVersion = 17.10.35122.118
MinimumVisualStudioVersion = 10.0.40219.1
Project("{FAE04EC0-301F-11D3-BF4B-00C04F79EFBC}") = "g920-mapper", "g920-mapper.csproj", "{F787A2B3-315D-45AE-94C9-100652487AD9}"
EndProject
Global
	GlobalSection(SolutionConfigurationPlatforms) = preSolution
		Debug|Any CPU = Debug|Any CPU
		Release|Any CPU = Release|Any CPU
	EndGlobalSection
	GlobalSection(ProjectConfigurationPlatforms) = postSolution
		{F787A2B3-315D-45AE-94C9-100652487AD9}.Debug|Any CPU.ActiveCfg = Debug|Any CPU
		{F787A2B3-315D-45AE-94C9-100652487AD9}.Debug|Any CPU.Build.0 = Debug|Any CPU
		{F787A2B3-315D-45AE-94C9-100652487AD9}.Release|Any CPU.ActiveCfg = Release|Any CPU
		{F787A2B3-315D-45AE-94C9-100652487AD9}.Release|Any CPU.Build.0 = Release|Any CPU
	EndGlobalSection
	GlobalSection(SolutionProperties) = preSolution
		HideSolutionNode = FALSE
	EndGlobalSection
	GlobalSection(ExtensibilityGlobals) = postSolution
		SolutionGuid = {07838282-B583-4B2D-AA78-2D07EC472C80}
	EndGlobalSection
EndGlobal
